PODS:
  - UberCore (0.12.0)
  - UberRides (0.12.0):
    - UberCore

DEPENDENCIES:
  - UberCore (from `../../`)
  - UberRides (from `../../`)

EXTERNAL SOURCES:
  UberCore:
    :path: "../../"
  UberRides:
    :path: "../../"

SPEC CHECKSUMS:
  UberCore: ab5cafb4a4a307512f0809e944a02a4c136f1e7d
  UberRides: a85f85041155c857f671e5fb6155670f97f735b5

PODFILE CHECKSUM: 1d713d30b94c4238ccc4571330ddf2a95fe4daf5

COCOAPODS: 1.6.0
